// !$*UTF8*$!
{
	archiveVersion = 1;
	classes = {
	};
	objectVersion = 48;
	objects = {

/* Begin PBXBuildFile section */
		A3DCAE4920574A87001887CC /* AppDelegate.swift in Sources */ = {isa = PBXBuildFile; fileRef = A3DCAE4820574A87001887CC /* AppDelegate.swift */; };
		A3DCAE4B20574A87001887CC /* ViewController.swift in Sources */ = {isa = PBXBuildFile; fileRef = A3DCAE4A20574A87001887CC /* ViewController.swift */; };
		A3DCAE4E20574A87001887CC /* Main.storyboard in Resources */ = {isa = PBXBuildFile; fileRef = A3DCAE4C20574A87001887CC /* Main.storyboard */; };
		A3DCAE5020574A87001887CC /* Assets.xcassets in Resources */ = {isa = PBXBuildFile; fileRef = A3DCAE4F20574A87001887CC /* Assets.xcassets */; };
		A3DCAE5320574A87001887CC /* LaunchScreen.storyboard in Resources */ = {isa = PBXBuildFile; fileRef = A3DCAE5120574A87001887CC /* LaunchScreen.storyboard */; };
		A3DCAE5D20574E2C001887CC /* CameraController.swift in Sources */ = {isa = PBXBuildFile; fileRef = A3DCAE5B20574E2C001887CC /* CameraController.swift */; };
		A3DCAE5E20574E2C001887CC /* CameraController.xib in Resources */ = {isa = PBXBuildFile; fileRef = A3DCAE5C20574E2C001887CC /* CameraController.xib */; };
		A3DCAE6120575403001887CC /* VideoPreviewView.swift in Sources */ = {isa = PBXBuildFile; fileRef = A3DCAE6020575403001887CC /* VideoPreviewView.swift */; };
/* End PBXBuildFile section */

/* Begin PBXFileReference section */
		A3DCAE4520574A87001887CC /* RawDeal.app */ = {isa = PBXFileReference; explicitFileType = wrapper.application; includeInIndex = 0; path = RawDeal.app; sourceTree = BUILT_PRODUCTS_DIR; };
		A3DCAE4820574A87001887CC /* AppDelegate.swift */ = {isa = PBXFileReference; lastKnownFileType = sourcecode.swift; path = AppDelegate.swift; sourceTree = "<group>"; };
		A3DCAE4A20574A87001887CC /* ViewController.swift */ = {isa = PBXFileReference; lastKnownFileType = sourcecode.swift; path = ViewController.swift; sourceTree = "<group>"; };
		A3DCAE4D20574A87001887CC /* Base */ = {isa = PBXFileReference; lastKnownFileType = file.storyboard; name = Base; path = Base.lproj/Main.storyboard; sourceTree = "<group>"; };
		A3DCAE4F20574A87001887CC /* Assets.xcassets */ = {isa = PBXFileReference; lastKnownFileType = folder.assetcatalog; path = Assets.xcassets; sourceTree = "<group>"; };
		A3DCAE5220574A87001887CC /* Base */ = {isa = PBXFileReference; lastKnownFileType = file.storyboard; name = Base; path = Base.lproj/LaunchScreen.storyboard; sourceTree = "<group>"; };
		A3DCAE5420574A87001887CC /* Info.plist */ = {isa = PBXFileReference; lastKnownFileType = text.plist.xml; path = Info.plist; sourceTree = "<group>"; };
		A3DCAE5B20574E2C001887CC /* CameraController.swift */ = {isa = PBXFileReference; lastKnownFileType = sourcecode.swift; path = CameraController.swift; sourceTree = "<group>"; };
		A3DCAE5C20574E2C001887CC /* CameraController.xib */ = {isa = PBXFileReference; lastKnownFileType = file.xib; path = CameraController.xib; sourceTree = "<group>"; };
		A3DCAE6020575403001887CC /* VideoPreviewView.swift */ = {isa = PBXFileReference; lastKnownFileType = sourcecode.swift; path = VideoPreviewView.swift; sourceTree = "<group>"; };
/* End PBXFileReference section */

/* Begin PBXFrameworksBuildPhase section */
		A3DCAE4220574A86001887CC /* Frameworks */ = {
			isa = PBXFrameworksBuildPhase;
			buildActionMask = 2147483647;
			files = (
			);
			runOnlyForDeploymentPostprocessing = 0;
		};
/* End PBXFrameworksBuildPhase section */

/* Begin PBXGroup section */
		A3DCAE3C20574A86001887CC = {
			isa = PBXGroup;
			children = (
				A3DCAE4720574A87001887CC /* RawDeal */,
				A3DCAE4620574A87001887CC /* Products */,
			);
			sourceTree = "<group>";
		};
		A3DCAE4620574A87001887CC /* Products */ = {
			isa = PBXGroup;
			children = (
				A3DCAE4520574A87001887CC /* RawDeal.app */,
			);
			name = Products;
			sourceTree = "<group>";
		};
		A3DCAE4720574A87001887CC /* RawDeal */ = {
			isa = PBXGroup;
			children = (
				A3DCAE5F205753EB001887CC /* View */,
				A3DCAE5A20574E15001887CC /* Controller */,
				A3DCAE4820574A87001887CC /* AppDelegate.swift */,
				A3DCAE4A20574A87001887CC /* ViewController.swift */,
				A3DCAE4C20574A87001887CC /* Main.storyboard */,
				A3DCAE4F20574A87001887CC /* Assets.xcassets */,
				A3DCAE5120574A87001887CC /* LaunchScreen.storyboard */,
				A3DCAE5420574A87001887CC /* Info.plist */,
			);
			path = RawDeal;
			sourceTree = "<group>";
		};
		A3DCAE5A20574E15001887CC /* Controller */ = {
			isa = PBXGroup;
			children = (
				A3DCAE5B20574E2C001887CC /* CameraController.swift */,
				A3DCAE5C20574E2C001887CC /* CameraController.xib */,
			);
			path = Controller;
			sourceTree = "<group>";
		};
		A3DCAE5F205753EB001887CC /* View */ = {
			isa = PBXGroup;
			children = (
				A3DCAE6020575403001887CC /* VideoPreviewView.swift */,
			);
			path = View;
			sourceTree = "<group>";
		};
/* End PBXGroup section */

/* Begin PBXNativeTarget section */
		A3DCAE4420574A86001887CC /* RawDeal */ = {
			isa = PBXNativeTarget;
			buildConfigurationList = A3DCAE5720574A87001887CC /* Build configuration list for PBXNativeTarget "RawDeal" */;
			buildPhases = (
				A3DCAE4120574A86001887CC /* Sources */,
				A3DCAE4220574A86001887CC /* Frameworks */,
				A3DCAE4320574A86001887CC /* Resources */,
			);
			buildRules = (
			);
			dependencies = (
			);
			name = RawDeal;
			productName = RawDeal;
			productReference = A3DCAE4520574A87001887CC /* RawDeal.app */;
			productType = "com.apple.product-type.application";
		};
/* End PBXNativeTarget section */

/* Begin PBXProject section */
		A3DCAE3D20574A86001887CC /* Project object */ = {
			isa = PBXProject;
			attributes = {
				LastSwiftUpdateCheck = 0920;
				LastUpgradeCheck = 0920;
				ORGANIZATIONNAME = "Bibhas Bhattacharya";
				TargetAttributes = {
					A3DCAE4420574A86001887CC = {
						CreatedOnToolsVersion = 9.2;
						ProvisioningStyle = Automatic;
					};
				};
			};
			buildConfigurationList = A3DCAE4020574A86001887CC /* Build configuration list for PBXProject "RawDeal" */;
			compatibilityVersion = "Xcode 8.0";
			developmentRegion = en;
			hasScannedForEncodings = 0;
			knownRegions = (
				en,
				Base,
			);
			mainGroup = A3DCAE3C20574A86001887CC;
			productRefGroup = A3DCAE4620574A87001887CC /* Products */;
			projectDirPath = "";
			projectRoot = "";
			targets = (
				A3DCAE4420574A86001887CC /* RawDeal */,
			);
		};
/* End PBXProject section */

/* Begin PBXResourcesBuildPhase section */
		A3DCAE4320574A86001887CC /* Resources */ = {
			isa = PBXResourcesBuildPhase;
			buildActionMask = 2147483647;
			files = (
				A3DCAE5320574A87001887CC /* LaunchScreen.storyboard in Resources */,
				A3DCAE5020574A87001887CC /* Assets.xcassets in Resources */,
				A3DCAE5E20574E2C001887CC /* CameraController.xib in Resources */,
				A3DCAE4E20574A87001887CC /* Main.storyboard in Resources */,
			);
			runOnlyForDeploymentPostprocessing = 0;
		};
/* End PBXResourcesBuildPhase section */

/* Begin PBXSourcesBuildPhase section */
		A3DCAE4120574A86001887CC /* Sources */ = {
			isa = PBXSourcesBuildPhase;
			buildActionMask = 2147483647;
			files = (
				A3DCAE5D20574E2C001887CC /* CameraController.swift in Sources */,
				A3DCAE6120575403001887CC /* VideoPreviewView.swift in Sources */,
				A3DCAE4B20574A87001887CC /* ViewController.swift in Sources */,
				A3DCAE4920574A87001887CC /* AppDelegate.swift in Sources */,
			);
			runOnlyForDeploymentPostprocessing = 0;
		};
/* End PBXSourcesBuildPhase section */

/* Begin PBXVariantGroup section */
		A3DCAE4C20574A87001887CC /* Main.storyboard */ = {
			isa = PBXVariantGroup;
			children = (
				A3DCAE4D20574A87001887CC /* Base */,
			);
			name = Main.storyboard;
			sourceTree = "<group>";
		};
		A3DCAE5120574A87001887CC /* LaunchScreen.storyboard */ = {
			isa = PBXVariantGroup;
			children = (
				A3DCAE5220574A87001887CC /* Base */,
			);
			name = LaunchScreen.storyboard;
			sourceTree = "<group>";
		};
/* End PBXVariantGroup section */

/* Begin XCBuildConfiguration section */
		A3DCAE5520574A87001887CC /* Debug */ = {
			isa = XCBuildConfiguration;
			buildSettings = {
				ALWAYS_SEARCH_USER_PATHS = NO;
				CLANG_ANALYZER_NONNULL = YES;
				CLANG_ANALYZER_NUMBER_OBJECT_CONVERSION = YES_AGGRESSIVE;
				CLANG_CXX_LANGUAGE_STANDARD = "gnu++14";
				CLANG_CXX_LIBRARY = "libc++";
				CLANG_ENABLE_MODULES = YES;
				CLANG_ENABLE_OBJC_ARC = YES;
				CLANG_WARN_BLOCK_CAPTURE_AUTORELEASING = YES;
				CLANG_WARN_BOOL_CONVERSION = YES;
				CLANG_WARN_COMMA = YES;
				CLANG_WARN_CONSTANT_CONVERSION = YES;
				CLANG_WARN_DIRECT_OBJC_ISA_USAGE = YES_ERROR;
				CLANG_WARN_DOCUMENTATION_COMMENTS = YES;
				CLANG_WARN_EMPTY_BODY = YES;
				CLANG_WARN_ENUM_CONVERSION = YES;
				CLANG_WARN_INFINITE_RECURSION = YES;
				CLANG_WARN_INT_CONVERSION = YES;
				CLANG_WARN_NON_LITERAL_NULL_CONVERSION = YES;
				CLANG_WARN_OBJC_LITERAL_CONVERSION = YES;
				CLANG_WARN_OBJC_ROOT_CLASS = YES_ERROR;
				CLANG_WARN_RANGE_LOOP_ANALYSIS = YES;
				CLANG_WARN_STRICT_PROTOTYPES = YES;
				CLANG_WARN_SUSPICIOUS_MOVE = YES;
				CLANG_WARN_UNGUARDED_AVAILABILITY = YES_AGGRESSIVE;
				CLANG_WARN_UNREACHABLE_CODE = YES;
				CLANG_WARN__DUPLICATE_METHOD_MATCH = YES;
				CODE_SIGN_IDENTITY = "iPhone Developer";
				COPY_PHASE_STRIP = NO;
				DEBUG_INFORMATION_FORMAT = dwarf;
				ENABLE_STRICT_OBJC_MSGSEND = YES;
				ENABLE_TESTABILITY = YES;
				GCC_C_LANGUAGE_STANDARD = gnu11;
				GCC_DYNAMIC_NO_PIC = NO;
				GCC_NO_COMMON_BLOCKS = YES;
				GCC_OPTIMIZATION_LEVEL = 0;
				GCC_PREPROCESSOR_DEFINITIONS = (
					"DEBUG=1",
					"$(inherited)",
				);
				GCC_WARN_64_TO_32_BIT_CONVERSION = YES;
				GCC_WARN_ABOUT_RETURN_TYPE = YES_ERROR;
				GCC_WARN_UNDECLARED_SELECTOR = YES;
				GCC_WARN_UNINITIALIZED_AUTOS = YES_AGGRESSIVE;
				GCC_WARN_UNUSED_FUNCTION = YES;
				GCC_WARN_UNUSED_VARIABLE = YES;
				IPHONEOS_DEPLOYMENT_TARGET = 11.2;
				MTL_ENABLE_DEBUG_INFO = YES;
				ONLY_ACTIVE_ARCH = YES;
				SDKROOT = iphoneos;
				SWIFT_ACTIVE_COMPILATION_CONDITIONS = DEBUG;
				SWIFT_OPTIMIZATION_LEVEL = "-Onone";
			};
			name = Debug;
		};
		A3DCAE5620574A87001887CC /* Release */ = {
			isa = XCBuildConfiguration;
			buildSettings = {
				ALWAYS_SEARCH_USER_PATHS = NO;
				CLANG_ANALYZER_NONNULL = YES;
				CLANG_ANALYZER_NUMBER_OBJECT_CONVERSION = YES_AGGRESSIVE;
				CLANG_CXX_LANGUAGE_STANDARD = "gnu++14";
				CLANG_CXX_LIBRARY = "libc++";
				CLANG_ENABLE_MODULES = YES;
				CLANG_ENABLE_OBJC_ARC = YES;
				CLANG_WARN_BLOCK_CAPTURE_AUTORELEASING = YES;
				CLANG_WARN_BOOL_CONVERSION = YES;
				CLANG_WARN_COMMA = YES;
				CLANG_WARN_CONSTANT_CONVERSION = YES;
				CLANG_WARN_DIRECT_OBJC_ISA_USAGE = YES_ERROR;
				CLANG_WARN_DOCUMENTATION_COMMENTS = YES;
				CLANG_WARN_EMPTY_BODY = YES;
				CLANG_WARN_ENUM_CONVERSION = YES;
				CLANG_WARN_INFINITE_RECURSION = YES;
				CLANG_WARN_INT_CONVERSION = YES;
				CLANG_WARN_NON_LITERAL_NULL_CONVERSION = YES;
				CLANG_WARN_OBJC_LITERAL_CONVERSION = YES;
				CLANG_WARN_OBJC_ROOT_CLASS = YES_ERROR;
				CLANG_WARN_RANGE_LOOP_ANALYSIS = YES;
				CLANG_WARN_STRICT_PROTOTYPES = YES;
				CLANG_WARN_SUSPICIOUS_MOVE = YES;
				CLANG_WARN_UNGUARDED_AVAILABILITY = YES_AGGRESSIVE;
				CLANG_WARN_UNREACHABLE_CODE = YES;
				CLANG_WARN__DUPLICATE_METHOD_MATCH = YES;
				CODE_SIGN_IDENTITY = "iPhone Developer";
				COPY_PHASE_STRIP = NO;
				DEBUG_INFORMATION_FORMAT = "dwarf-with-dsym";
				ENABLE_NS_ASSERTIONS = NO;
				ENABLE_STRICT_OBJC_MSGSEND = YES;
				GCC_C_LANGUAGE_STANDARD = gnu11;
				GCC_NO_COMMON_BLOCKS = YES;
				GCC_WARN_64_TO_32_BIT_CONVERSION = YES;
				GCC_WARN_ABOUT_RETURN_TYPE = YES_ERROR;
				GCC_WARN_UNDECLARED_SELECTOR = YES;
				GCC_WARN_UNINITIALIZED_AUTOS = YES_AGGRESSIVE;
				GCC_WARN_UNUSED_FUNCTION = YES;
				GCC_WARN_UNUSED_VARIABLE = YES;
				IPHONEOS_DEPLOYMENT_TARGET = 11.2;
				MTL_ENABLE_DEBUG_INFO = NO;
				SDKROOT = iphoneos;
				SWIFT_OPTIMIZATION_LEVEL = "-Owholemodule";
				VALIDATE_PRODUCT = YES;
			};
			name = Release;
		};
		A3DCAE5820574A87001887CC /* Debug */ = {
			isa = XCBuildConfiguration;
			buildSettings = {
				ASSETCATALOG_COMPILER_APPICON_NAME = AppIcon;
				CODE_SIGN_STYLE = Automatic;
				DEVELOPMENT_TEAM = V6FT8G2R89;
				INFOPLIST_FILE = RawDeal/Info.plist;
				LD_RUNPATH_SEARCH_PATHS = "$(inherited) @executable_path/Frameworks";
				PRODUCT_BUNDLE_IDENTIFIER = com.mobiarch.RawDeal;
				PRODUCT_NAME = "$(TARGET_NAME)";
				SWIFT_VERSION = 4.0;
				TARGETED_DEVICE_FAMILY = "1,2";
			};
			name = Debug;
		};
		A3DCAE5920574A87001887CC /* Release */ = {
			isa = XCBuildConfiguration;
			buildSettings = {
				ASSETCATALOG_COMPILER_APPICON_NAME = AppIcon;
				CODE_SIGN_STYLE = Automatic;
				DEVELOPMENT_TEAM = V6FT8G2R89;
				INFOPLIST_FILE = RawDeal/Info.plist;
				LD_RUNPATH_SEARCH_PATHS = "$(inherited) @executable_path/Frameworks";
				PRODUCT_BUNDLE_IDENTIFIER = com.mobiarch.RawDeal;
				PRODUCT_NAME = "$(TARGET_NAME)";
				SWIFT_VERSION = 4.0;
				TARGETED_DEVICE_FAMILY = "1,2";
			};
			name = Release;
		};
/* End XCBuildConfiguration section */

/* Begin XCConfigurationList section */
		A3DCAE4020574A86001887CC /* Build configuration list for PBXProject "RawDeal" */ = {
			isa = XCConfigurationList;
			buildConfigurations = (
				A3DCAE5520574A87001887CC /* Debug */,
				A3DCAE5620574A87001887CC /* Release */,
			);
			defaultConfigurationIsVisible = 0;
			defaultConfigurationName = Release;
		};
		A3DCAE5720574A87001887CC /* Build configuration list for PBXNativeTarget "RawDeal" */ = {
			isa = XCConfigurationList;
			buildConfigurations = (
				A3DCAE5820574A87001887CC /* Debug */,
				A3DCAE5920574A87001887CC /* Release */,
			);
			defaultConfigurationIsVisible = 0;
			defaultConfigurationName = Release;
		};
/* End XCConfigurationList section */
	};
	rootObject = A3DCAE3D20574A86001887CC /* Project object */;
}
